
Microsoft Visual Studio Solution File, Format Version 12.00
# Visual Studio Version 17
VisualStudioVersion = 17.9.34701.34
MinimumVisualStudioVersion = 10.0.40219.1
Project("{FAE04EC0-301F-11D3-BF4B-00C04F79EFBC}") = "TestChat.Server", "TestChat\Server\TestChat.Server.csproj", "{916AED5D-AF79-437C-B804-F1846A4B14B8}"
EndProject
Project("{FAE04EC0-301F-11D3-BF4B-00C04F79EFBC}") = "TestChat.Client", "TestChat\Client\TestChat.Client.csproj", "{EA58F8FA-B0B4-4F49-8838-DB4494DAC9EE}"
EndProject
Project("{FAE04EC0-301F-11D3-BF4B-00C04F79EFBC}") = "TestChat.Shared", "TestChat\Shared\TestChat.Shared.csproj", "{4D43A995-9285-41A7-BE27-E3D2DD653AC8}"
EndProject
Global
	GlobalSection(SolutionConfigurationPlatforms) = preSolution
		Debug|Any CPU = Debug|Any CPU
		Release|Any CPU = Release|Any CPU
	EndGlobalSection
	GlobalSection(ProjectConfigurationPlatforms) = postSolution
		{916AED5D-AF79-437C-B804-F1846A4B14B8}.Debug|Any CPU.ActiveCfg = Debug|Any CPU
		{916AED5D-AF79-437C-B804-F1846A4B14B8}.Debug|Any CPU.Build.0 = Debug|Any CPU
		{916AED5D-AF79-437C-B804-F1846A4B14B8}.Release|Any CPU.ActiveCfg = Release|Any CPU
		{916AED5D-AF79-437C-B804-F1846A4B14B8}.Release|Any CPU.Build.0 = Release|Any CPU
		{EA58F8FA-B0B4-4F49-8838-DB4494DAC9EE}.Debug|Any CPU.ActiveCfg = Debug|Any CPU
		{EA58F8FA-B0B4-4F49-8838-DB4494DAC9EE}.Debug|Any CPU.Build.0 = Debug|Any CPU
		{EA58F8FA-B0B4-4F49-8838-DB4494DAC9EE}.Release|Any CPU.ActiveCfg = Release|Any CPU
		{EA58F8FA-B0B4-4F49-8838-DB4494DAC9EE}.Release|Any CPU.Build.0 = Release|Any CPU
		{4D43A995-9285-41A7-BE27-E3D2DD653AC8}.Debug|Any CPU.ActiveCfg = Debug|Any CPU
		{4D43A995-9285-41A7-BE27-E3D2DD653AC8}.Debug|Any CPU.Build.0 = Debug|Any CPU
		{4D43A995-9285-41A7-BE27-E3D2DD653AC8}.Release|Any CPU.ActiveCfg = Release|Any CPU
		{4D43A995-9285-41A7-BE27-E3D2DD653AC8}.Release|Any CPU.Build.0 = Release|Any CPU
	EndGlobalSection
	GlobalSection(SolutionProperties) = preSolution
		HideSolutionNode = FALSE
	EndGlobalSection
	GlobalSection(ExtensibilityGlobals) = postSolution
		SolutionGuid = {E721A6D5-DA3B-4DAB-A2C4-E747C1B08AF7}
	EndGlobalSection
EndGlobal
